
Microsoft Visual Studio Solution File, Format Version 12.00
# Visual Studio Version 17
VisualStudioVersion = 17.11.35312.102
MinimumVisualStudioVersion = 10.0.40219.1
Project("{FAE04EC0-301F-11D3-BF4B-00C04F79EFBC}") = "BlazorApp1", "BlazorApp1.csproj", "{E1225FD7-1BA7-4B52-8608-06EA711D6116}"
EndProject
Global
	GlobalSection(SolutionConfigurationPlatforms) = preSolution
		Debug|Any CPU = Debug|Any CPU
		Release|Any CPU = Release|Any CPU
	EndGlobalSection
	GlobalSection(ProjectConfigurationPlatforms) = postSolution
		{E1225FD7-1BA7-4B52-8608-06EA711D6116}.Debug|Any CPU.ActiveCfg = Debug|Any CPU
		{E1225FD7-1BA7-4B52-8608-06EA711D6116}.Debug|Any CPU.Build.0 = Debug|Any CPU
		{E1225FD7-1BA7-4B52-8608-06EA711D6116}.Release|Any CPU.ActiveCfg = Release|Any CPU
		{E1225FD7-1BA7-4B52-8608-06EA711D6116}.Release|Any CPU.Build.0 = Release|Any CPU
	EndGlobalSection
	GlobalSection(SolutionProperties) = preSolution
		HideSolutionNode = FALSE
	EndGlobalSection
	GlobalSection(ExtensibilityGlobals) = postSolution
		SolutionGuid = {5D4F0A90-9C19-4ACB-99C6-8A666226B350}
	EndGlobalSection
EndGlobal
